
Microsoft Visual Studio Solution File, Format Version 12.00
# Visual Studio Version 17
VisualStudioVersion = 17.5.002.0
MinimumVisualStudioVersion = 10.0.40219.1
Project("{2150E333-8FDC-42A3-9474-1A3956D46DE8}") = "src", "src", "{7F743F69-FB08-4471-86A6-5686F6CBD751}"
EndProject
Project("{9A19103F-16F7-4668-BE54-9A1E7A4F7556}") = "GenAIBot", "src\dotnet\GenAIBot.csproj", "{C6AE8565-1879-4607-8526-E14FCF9DAFDF}"
EndProject
Global
	GlobalSection(SolutionConfigurationPlatforms) = preSolution
		Debug|Any CPU = Debug|Any CPU
		Release|Any CPU = Release|Any CPU
	EndGlobalSection
	GlobalSection(ProjectConfigurationPlatforms) = postSolution
		{C6AE8565-1879-4607-8526-E14FCF9DAFDF}.Debug|Any CPU.ActiveCfg = Debug|Any CPU
		{C6AE8565-1879-4607-8526-E14FCF9DAFDF}.Debug|Any CPU.Build.0 = Debug|Any CPU
		{C6AE8565-1879-4607-8526-E14FCF9DAFDF}.Release|Any CPU.ActiveCfg = Release|Any CPU
		{C6AE8565-1879-4607-8526-E14FCF9DAFDF}.Release|Any CPU.Build.0 = Release|Any CPU
	EndGlobalSection
	GlobalSection(SolutionProperties) = preSolution
		HideSolutionNode = FALSE
	EndGlobalSection
	GlobalSection(NestedProjects) = preSolution
		{C6AE8565-1879-4607-8526-E14FCF9DAFDF} = {7F743F69-FB08-4471-86A6-5686F6CBD751}
	EndGlobalSection
	GlobalSection(ExtensibilityGlobals) = postSolution
		SolutionGuid = {E75D0FB7-0F81-4E1F-8FFC-77380DA63EE0}
	EndGlobalSection
EndGlobal
