
Microsoft Visual Studio Solution File, Format Version 12.00
# Visual Studio Version 17
VisualStudioVersion = 17.5.002.0
MinimumVisualStudioVersion = 10.0.40219.1
Project("{2150E333-8FDC-42A3-9474-1A3956D46DE8}") = "src", "src", "{3C36E9C5-8896-40C0-8BC7-A8B6CB20BFDD}"
EndProject
Project("{9A19103F-16F7-4668-BE54-9A1E7A4F7556}") = "GenAIBot", "src\dotnet\GenAIBot.csproj", "{9C1C5566-6D6A-4206-9C23-7367F1FBBE38}"
EndProject
Global
	GlobalSection(SolutionConfigurationPlatforms) = preSolution
		Debug|Any CPU = Debug|Any CPU
		Release|Any CPU = Release|Any CPU
	EndGlobalSection
	GlobalSection(ProjectConfigurationPlatforms) = postSolution
		{9C1C5566-6D6A-4206-9C23-7367F1FBBE38}.Debug|Any CPU.ActiveCfg = Debug|Any CPU
		{9C1C5566-6D6A-4206-9C23-7367F1FBBE38}.Debug|Any CPU.Build.0 = Debug|Any CPU
		{9C1C5566-6D6A-4206-9C23-7367F1FBBE38}.Release|Any CPU.ActiveCfg = Release|Any CPU
		{9C1C5566-6D6A-4206-9C23-7367F1FBBE38}.Release|Any CPU.Build.0 = Release|Any CPU
	EndGlobalSection
	GlobalSection(SolutionProperties) = preSolution
		HideSolutionNode = FALSE
	EndGlobalSection
	GlobalSection(NestedProjects) = preSolution
		{9C1C5566-6D6A-4206-9C23-7367F1FBBE38} = {3C36E9C5-8896-40C0-8BC7-A8B6CB20BFDD}
	EndGlobalSection
	GlobalSection(ExtensibilityGlobals) = postSolution
		SolutionGuid = {4F894756-FE3B-441C-8ADF-AD63AC122AE4}
	EndGlobalSection
EndGlobal
